
Microsoft Visual Studio Solution File, Format Version 12.00
# Visual Studio Version 16
VisualStudioVersion = 16.0.32802.440
MinimumVisualStudioVersion = 10.0.40219.1
Project("{8BC9CEB8-8B4A-11D0-8D11-00A0C91BC942}") = "NvidiaOverlay", "NvidiaOverlay\NvidiaOverlay.vcxproj", "{96FEB751-8DEE-4ADC-8FDC-63271AD5905E}"
EndProject
Global
	GlobalSection(SolutionConfigurationPlatforms) = preSolution
		Debug|x64 = Debug|x64
		Debug|x86 = Debug|x86
		Release|x64 = Release|x64
		Release|x86 = Release|x86
	EndGlobalSection
	GlobalSection(ProjectConfigurationPlatforms) = postSolution
		{96FEB751-8DEE-4ADC-8FDC-63271AD5905E}.Debug|x64.ActiveCfg = Debug|x64
		{96FEB751-8DEE-4ADC-8FDC-63271AD5905E}.Debug|x64.Build.0 = Debug|x64
		{96FEB751-8DEE-4ADC-8FDC-63271AD5905E}.Debug|x86.ActiveCfg = Debug|Win32
		{96FEB751-8DEE-4ADC-8FDC-63271AD5905E}.Debug|x86.Build.0 = Debug|Win32
		{96FEB751-8DEE-4ADC-8FDC-63271AD5905E}.Release|x64.ActiveCfg = Release|x64
		{96FEB751-8DEE-4ADC-8FDC-63271AD5905E}.Release|x64.Build.0 = Release|x64
		{96FEB751-8DEE-4ADC-8FDC-63271AD5905E}.Release|x86.ActiveCfg = Release|Win32
		{96FEB751-8DEE-4ADC-8FDC-63271AD5905E}.Release|x86.Build.0 = Release|Win32
	EndGlobalSection
	GlobalSection(SolutionProperties) = preSolution
		HideSolutionNode = FALSE
	EndGlobalSection
	GlobalSection(ExtensibilityGlobals) = postSolution
		SolutionGuid = {84CE54F5-4C1A-4116-A197-71EA3DCB35F4}
	EndGlobalSection
EndGlobal
